
Microsoft Visual Studio Solution File, Format Version 12.00
# Visual Studio Version 16
VisualStudioVersion = 16.0.30611.23
MinimumVisualStudioVersion = 10.0.40219.1
Project("{FAE04EC0-301F-11D3-BF4B-00C04F79EFBC}") = "medikeeper_api", "medikeeper_api\medikeeper_api.csproj", "{69EF44F2-7BAD-47FE-85A5-7B1EEC438745}"
EndProject
Global
	GlobalSection(SolutionConfigurationPlatforms) = preSolution
		Debug|Any CPU = Debug|Any CPU
		Release|Any CPU = Release|Any CPU
	EndGlobalSection
	GlobalSection(ProjectConfigurationPlatforms) = postSolution
		{69EF44F2-7BAD-47FE-85A5-7B1EEC438745}.Debug|Any CPU.ActiveCfg = Debug|Any CPU
		{69EF44F2-7BAD-47FE-85A5-7B1EEC438745}.Debug|Any CPU.Build.0 = Debug|Any CPU
		{69EF44F2-7BAD-47FE-85A5-7B1EEC438745}.Release|Any CPU.ActiveCfg = Release|Any CPU
		{69EF44F2-7BAD-47FE-85A5-7B1EEC438745}.Release|Any CPU.Build.0 = Release|Any CPU
	EndGlobalSection
	GlobalSection(SolutionProperties) = preSolution
		HideSolutionNode = FALSE
	EndGlobalSection
	GlobalSection(ExtensibilityGlobals) = postSolution
		SolutionGuid = {311512E8-E7A2-460F-9C44-5B11A86BAD58}
	EndGlobalSection
EndGlobal
